
Microsoft Visual Studio Solution File, Format Version 12.00
Project("{FAE04EC0-301F-11D3-BF4B-00C04F79EFBC}") = "LethalDataAPI", "LethalDataAPI\LethalDataAPI.csproj", "{7CDA77CA-E79C-4866-900A-9083EC1F298B}"
EndProject
Global
	GlobalSection(SolutionConfigurationPlatforms) = preSolution
		Debug|Any CPU = Debug|Any CPU
		Release|Any CPU = Release|Any CPU
	EndGlobalSection
	GlobalSection(ProjectConfigurationPlatforms) = postSolution
		{7CDA77CA-E79C-4866-900A-9083EC1F298B}.Debug|Any CPU.ActiveCfg = Debug|Any CPU
		{7CDA77CA-E79C-4866-900A-9083EC1F298B}.Debug|Any CPU.Build.0 = Debug|Any CPU
		{7CDA77CA-E79C-4866-900A-9083EC1F298B}.Release|Any CPU.ActiveCfg = Release|Any CPU
		{7CDA77CA-E79C-4866-900A-9083EC1F298B}.Release|Any CPU.Build.0 = Release|Any CPU
	EndGlobalSection
EndGlobal
